
Microsoft Visual Studio Solution File, Format Version 12.00
# Visual Studio Version 16
VisualStudioVersion = 16.0.30011.22
MinimumVisualStudioVersion = 10.0.40219.1
Project("{FAE04EC0-301F-11D3-BF4B-00C04F79EFBC}") = "Vidly", "Vidly.csproj", "{BCF04AF1-A50F-47CF-981C-A0CC6C25F944}"
EndProject
Global
	GlobalSection(SolutionConfigurationPlatforms) = preSolution
		Debug|Any CPU = Debug|Any CPU
		Release|Any CPU = Release|Any CPU
	EndGlobalSection
	GlobalSection(ProjectConfigurationPlatforms) = postSolution
		{BCF04AF1-A50F-47CF-981C-A0CC6C25F944}.Debug|Any CPU.ActiveCfg = Debug|Any CPU
		{BCF04AF1-A50F-47CF-981C-A0CC6C25F944}.Debug|Any CPU.Build.0 = Debug|Any CPU
		{BCF04AF1-A50F-47CF-981C-A0CC6C25F944}.Release|Any CPU.ActiveCfg = Release|Any CPU
		{BCF04AF1-A50F-47CF-981C-A0CC6C25F944}.Release|Any CPU.Build.0 = Release|Any CPU
	EndGlobalSection
	GlobalSection(SolutionProperties) = preSolution
		HideSolutionNode = FALSE
	EndGlobalSection
	GlobalSection(ExtensibilityGlobals) = postSolution
		SolutionGuid = {AAA1F65D-B379-4939-8552-E5A35084B0D5}
	EndGlobalSection
EndGlobal
